
Microsoft Visual Studio Solution File, Format Version 12.00
# Visual Studio Version 16
VisualStudioVersion = 16.0.29215.179
MinimumVisualStudioVersion = 10.0.40219.1
Project("{FAE04EC0-301F-11D3-BF4B-00C04F79EFBC}") = "FilesystemGen", "FilesystemGen\FilesystemGen.csproj", "{A6530BD1-509E-4C70-B680-97F273634A89}"
EndProject
Project("{FAE04EC0-301F-11D3-BF4B-00C04F79EFBC}") = "FilesystemAnalyze", "FilesystemAnalyze\FilesystemAnalyze.csproj", "{75CA1B9C-A0DB-49A3-89C8-4D8EFE22BA6D}"
EndProject
Global
	GlobalSection(SolutionConfigurationPlatforms) = preSolution
		Debug|Any CPU = Debug|Any CPU
		Release|Any CPU = Release|Any CPU
	EndGlobalSection
	GlobalSection(ProjectConfigurationPlatforms) = postSolution
		{A6530BD1-509E-4C70-B680-97F273634A89}.Debug|Any CPU.ActiveCfg = Debug|Any CPU
		{A6530BD1-509E-4C70-B680-97F273634A89}.Debug|Any CPU.Build.0 = Debug|Any CPU
		{A6530BD1-509E-4C70-B680-97F273634A89}.Release|Any CPU.ActiveCfg = Release|Any CPU
		{A6530BD1-509E-4C70-B680-97F273634A89}.Release|Any CPU.Build.0 = Release|Any CPU
		{75CA1B9C-A0DB-49A3-89C8-4D8EFE22BA6D}.Debug|Any CPU.ActiveCfg = Debug|Any CPU
		{75CA1B9C-A0DB-49A3-89C8-4D8EFE22BA6D}.Debug|Any CPU.Build.0 = Debug|Any CPU
		{75CA1B9C-A0DB-49A3-89C8-4D8EFE22BA6D}.Release|Any CPU.ActiveCfg = Release|Any CPU
		{75CA1B9C-A0DB-49A3-89C8-4D8EFE22BA6D}.Release|Any CPU.Build.0 = Release|Any CPU
	EndGlobalSection
	GlobalSection(SolutionProperties) = preSolution
		HideSolutionNode = FALSE
	EndGlobalSection
	GlobalSection(ExtensibilityGlobals) = postSolution
		SolutionGuid = {8F2F0112-D7D8-4C61-B42A-7C0A1546DEFB}
	EndGlobalSection
EndGlobal
